
Microsoft Visual Studio Solution File, Format Version 12.00
# Visual Studio 2013
VisualStudioVersion = 12.0.31101.0
MinimumVisualStudioVersion = 10.0.40219.1
Project("{FAE04EC0-301F-11D3-BF4B-00C04F79EFBC}") = "OctoAwesomeDX", "OctoAwesomeDX\OctoAwesomeDX.csproj", "{FBCB341A-ACD0-4511-AD71-006779B90151}"
EndProject
Project("{FAE04EC0-301F-11D3-BF4B-00C04F79EFBC}") = "OctoAwesome.Model", "OctoAwesome.Model\OctoAwesome.Model.csproj", "{4B4EE9AE-5492-425B-BD42-813CAA6587E8}"
EndProject
Project("{FAE04EC0-301F-11D3-BF4B-00C04F79EFBC}") = "Noises", "Noise\Noises.csproj", "{ED603CB7-688E-4AAF-96E3-9A8A966CFF6B}"
EndProject
Global
	GlobalSection(TeamFoundationVersionControl) = preSolution
		SccNumberOfProjects = 4
		SccEnterpriseProvider = {4CA58AB2-18FA-4F8D-95D4-32DDF27D184C}
		SccTeamFoundationServer = https://tfs.codeplex.com/tfs/tfs02
		SccLocalPath0 = .
		SccProjectUniqueName1 = OctoAwesomeDX\\OctoAwesomeDX.csproj
		SccProjectName1 = OctoAwesomeDX
		SccLocalPath1 = OctoAwesomeDX
		SccProjectUniqueName2 = OctoAwesome.Model\\OctoAwesome.Model.csproj
		SccProjectName2 = OctoAwesome.Model
		SccLocalPath2 = OctoAwesome.Model
		SccProjectUniqueName3 = Noise\\Noises.csproj
		SccProjectName3 = Noise
		SccLocalPath3 = Noise
	EndGlobalSection
	GlobalSection(SolutionConfigurationPlatforms) = preSolution
		Debug|Any CPU = Debug|Any CPU
		Debug|Mixed Platforms = Debug|Mixed Platforms
		Debug|x86 = Debug|x86
		Release|Any CPU = Release|Any CPU
		Release|Mixed Platforms = Release|Mixed Platforms
		Release|x86 = Release|x86
	EndGlobalSection
	GlobalSection(ProjectConfigurationPlatforms) = postSolution
		{FBCB341A-ACD0-4511-AD71-006779B90151}.Debug|Any CPU.ActiveCfg = Debug|x86
		{FBCB341A-ACD0-4511-AD71-006779B90151}.Debug|Mixed Platforms.ActiveCfg = Debug|x86
		{FBCB341A-ACD0-4511-AD71-006779B90151}.Debug|Mixed Platforms.Build.0 = Debug|x86
		{FBCB341A-ACD0-4511-AD71-006779B90151}.Debug|x86.ActiveCfg = Debug|x86
		{FBCB341A-ACD0-4511-AD71-006779B90151}.Debug|x86.Build.0 = Debug|x86
		{FBCB341A-ACD0-4511-AD71-006779B90151}.Release|Any CPU.ActiveCfg = Release|x86
		{FBCB341A-ACD0-4511-AD71-006779B90151}.Release|Mixed Platforms.ActiveCfg = Release|x86
		{FBCB341A-ACD0-4511-AD71-006779B90151}.Release|Mixed Platforms.Build.0 = Release|x86
		{FBCB341A-ACD0-4511-AD71-006779B90151}.Release|x86.ActiveCfg = Release|x86
		{FBCB341A-ACD0-4511-AD71-006779B90151}.Release|x86.Build.0 = Release|x86
		{4B4EE9AE-5492-425B-BD42-813CAA6587E8}.Debug|Any CPU.ActiveCfg = Debug|Any CPU
		{4B4EE9AE-5492-425B-BD42-813CAA6587E8}.Debug|Any CPU.Build.0 = Debug|Any CPU
		{4B4EE9AE-5492-425B-BD42-813CAA6587E8}.Debug|Mixed Platforms.ActiveCfg = Debug|Any CPU
		{4B4EE9AE-5492-425B-BD42-813CAA6587E8}.Debug|Mixed Platforms.Build.0 = Debug|Any CPU
		{4B4EE9AE-5492-425B-BD42-813CAA6587E8}.Debug|x86.ActiveCfg = Debug|Any CPU
		{4B4EE9AE-5492-425B-BD42-813CAA6587E8}.Release|Any CPU.ActiveCfg = Release|Any CPU
		{4B4EE9AE-5492-425B-BD42-813CAA6587E8}.Release|Any CPU.Build.0 = Release|Any CPU
		{4B4EE9AE-5492-425B-BD42-813CAA6587E8}.Release|Mixed Platforms.ActiveCfg = Release|Any CPU
		{4B4EE9AE-5492-425B-BD42-813CAA6587E8}.Release|Mixed Platforms.Build.0 = Release|Any CPU
		{4B4EE9AE-5492-425B-BD42-813CAA6587E8}.Release|x86.ActiveCfg = Release|Any CPU
		{ED603CB7-688E-4AAF-96E3-9A8A966CFF6B}.Debug|Any CPU.ActiveCfg = Debug|Any CPU
		{ED603CB7-688E-4AAF-96E3-9A8A966CFF6B}.Debug|Any CPU.Build.0 = Debug|Any CPU
		{ED603CB7-688E-4AAF-96E3-9A8A966CFF6B}.Debug|Mixed Platforms.ActiveCfg = Debug|Any CPU
		{ED603CB7-688E-4AAF-96E3-9A8A966CFF6B}.Debug|Mixed Platforms.Build.0 = Debug|Any CPU
		{ED603CB7-688E-4AAF-96E3-9A8A966CFF6B}.Debug|x86.ActiveCfg = Debug|Any CPU
		{ED603CB7-688E-4AAF-96E3-9A8A966CFF6B}.Release|Any CPU.ActiveCfg = Release|Any CPU
		{ED603CB7-688E-4AAF-96E3-9A8A966CFF6B}.Release|Any CPU.Build.0 = Release|Any CPU
		{ED603CB7-688E-4AAF-96E3-9A8A966CFF6B}.Release|Mixed Platforms.ActiveCfg = Release|Any CPU
		{ED603CB7-688E-4AAF-96E3-9A8A966CFF6B}.Release|Mixed Platforms.Build.0 = Release|Any CPU
		{ED603CB7-688E-4AAF-96E3-9A8A966CFF6B}.Release|x86.ActiveCfg = Release|Any CPU
	EndGlobalSection
	GlobalSection(SolutionProperties) = preSolution
		HideSolutionNode = FALSE
	EndGlobalSection
EndGlobal
